
Microsoft Visual Studio Solution File, Format Version 12.00
# Visual Studio Version 17
VisualStudioVersion = 17.2.32616.157
MinimumVisualStudioVersion = 10.0.40219.1
Project("{FAE04EC0-301F-11D3-BF4B-00C04F79EFBC}") = "TBDD_AVR_501_ISC", "TBDD\TBDD_AVR_501_ISC.csproj", "{CAD81AE1-3776-4AB8-A20E-248B57D7069A}"
EndProject
Project("{FAE04EC0-301F-11D3-BF4B-00C04F79EFBC}") = "Conexiones", "Conexiones\Conexiones.csproj", "{C64D7724-2B07-457E-A6B7-AB075D5BB0CB}"
EndProject
Global
	GlobalSection(SolutionConfigurationPlatforms) = preSolution
		Debug|Any CPU = Debug|Any CPU
		Release|Any CPU = Release|Any CPU
	EndGlobalSection
	GlobalSection(ProjectConfigurationPlatforms) = postSolution
		{CAD81AE1-3776-4AB8-A20E-248B57D7069A}.Debug|Any CPU.ActiveCfg = Debug|Any CPU
		{CAD81AE1-3776-4AB8-A20E-248B57D7069A}.Debug|Any CPU.Build.0 = Debug|Any CPU
		{CAD81AE1-3776-4AB8-A20E-248B57D7069A}.Release|Any CPU.ActiveCfg = Release|Any CPU
		{CAD81AE1-3776-4AB8-A20E-248B57D7069A}.Release|Any CPU.Build.0 = Release|Any CPU
		{C64D7724-2B07-457E-A6B7-AB075D5BB0CB}.Debug|Any CPU.ActiveCfg = Debug|Any CPU
		{C64D7724-2B07-457E-A6B7-AB075D5BB0CB}.Debug|Any CPU.Build.0 = Debug|Any CPU
		{C64D7724-2B07-457E-A6B7-AB075D5BB0CB}.Release|Any CPU.ActiveCfg = Release|Any CPU
		{C64D7724-2B07-457E-A6B7-AB075D5BB0CB}.Release|Any CPU.Build.0 = Release|Any CPU
	EndGlobalSection
	GlobalSection(SolutionProperties) = preSolution
		HideSolutionNode = FALSE
	EndGlobalSection
	GlobalSection(ExtensibilityGlobals) = postSolution
		SolutionGuid = {E205D7D7-DA76-4610-ACD1-A81F6144E041}
	EndGlobalSection
EndGlobal
